
Microsoft Visual Studio Solution File, Format Version 12.00
# Visual Studio 15
VisualStudioVersion = 15.0.28307.1525
MinimumVisualStudioVersion = 10.0.40219.1
Project("{FAE04EC0-301F-11D3-BF4B-00C04F79EFBC}") = "StartCapWeb", "StartCapWeb\StartCapWeb.csproj", "{8F706F46-C501-4476-AE47-B6343118DE4A}"
EndProject
Project("{FAE04EC0-301F-11D3-BF4B-00C04F79EFBC}") = "StartCapModel", "StartCapModel\StartCapModel.csproj", "{341945A4-15A3-4BBD-AA34-84F729E5B7C4}"
EndProject
Global
	GlobalSection(SolutionConfigurationPlatforms) = preSolution
		Debug|Any CPU = Debug|Any CPU
		Release|Any CPU = Release|Any CPU
	EndGlobalSection
	GlobalSection(ProjectConfigurationPlatforms) = postSolution
		{8F706F46-C501-4476-AE47-B6343118DE4A}.Debug|Any CPU.ActiveCfg = Debug|Any CPU
		{8F706F46-C501-4476-AE47-B6343118DE4A}.Debug|Any CPU.Build.0 = Debug|Any CPU
		{8F706F46-C501-4476-AE47-B6343118DE4A}.Release|Any CPU.ActiveCfg = Release|Any CPU
		{8F706F46-C501-4476-AE47-B6343118DE4A}.Release|Any CPU.Build.0 = Release|Any CPU
		{341945A4-15A3-4BBD-AA34-84F729E5B7C4}.Debug|Any CPU.ActiveCfg = Debug|Any CPU
		{341945A4-15A3-4BBD-AA34-84F729E5B7C4}.Debug|Any CPU.Build.0 = Debug|Any CPU
		{341945A4-15A3-4BBD-AA34-84F729E5B7C4}.Release|Any CPU.ActiveCfg = Release|Any CPU
		{341945A4-15A3-4BBD-AA34-84F729E5B7C4}.Release|Any CPU.Build.0 = Release|Any CPU
	EndGlobalSection
	GlobalSection(SolutionProperties) = preSolution
		HideSolutionNode = FALSE
	EndGlobalSection
	GlobalSection(ExtensibilityGlobals) = postSolution
		SolutionGuid = {03BB0A30-67A0-4644-B83E-E43BCA4441B1}
	EndGlobalSection
EndGlobal
